<?xml version="1.0" encoding="utf-8"?>
<Project ToolsVersion="4.0" xmlns="http://schemas.microsoft.com/developer/msbuild/2003">
  <ItemGroup>
    <ClCompile Include="Components\DestroyAfterAnimation.cpp" />
    <ClCompile Include="Components\EnemyTest.cpp" />
    <ClCompile Include="Components\FireballComponent.cpp" />
    <ClCompile Include="MainGame.cpp" />
    <ClCompile Include="ScoreSystem.cpp" />
    <ClCompile Include="Components\TurnManager.cpp" />
    <ClCompile Include="System\Inventory.cpp" />
    <ClCompile Include="Components\AI Behaviours\NormalEnemyFSM.cpp" />
    <ClCompile Include="Components\AI Behaviours\EnemyIdleBehaviour.cpp" />
    <ClCompile Include="Shop.cpp" />
    <ClCompile Include="Tiles\LightTile.cpp" />
    <ClCompile Include="Tiles\TestTile.cpp" />
    <ClCompile Include="Components\AI Behaviours\EnemyIdleBehaviour.cpp" />
    <ClCompile Include="Components\AI Behaviours\EnemyCombatBehaviour.cpp" />
    <ClCompile Include="Components\AI Behaviours\MoveTowardsAction.cpp" />
    <ClCompile Include="Tiles\TeleportTile.cpp" />
    <ClCompile Include="Components\Flash.cpp" />
    <ClCompile Include="Components\LerpPosition.cpp" />
    <ClCompile Include="Components\Player\PlayerAttackBehaviour.cpp" />
    <ClCompile Include="Components\Player\PlayerController.cpp" />
    <ClCompile Include="Components\Player\PlayerFSM.cpp" />
    <ClCompile Include="Components\Player\PlayerMovementBehaviour.cpp" />
    <ClCompile Include="Components\UI\ButtonComponent.cpp" />
    <ClCompile Include="Components\UI\HUD.cpp" />
    <ClCompile Include="Components\UI\TextComponent.cpp" />
    <ClCompile Include="LootTable.cpp" />
    <ClCompile Include="Tiles\SpikeTile.cpp" />
    <ClCompile Include="Components\Player\PlayerSpellBehaviour.cpp" />
    <ClCompile Include="Scenes\DefeatScene.cpp" />
    <ClCompile Include="Scenes\Level1Scene.cpp" />
    <ClCompile Include="Scenes\Level2Scene.cpp" />
    <ClCompile Include="Scenes\MainMenu.cpp" />
    <ClCompile Include="Scenes\VictoryScene.cpp" />
    <ClCompile Include="Tiles\ChestTile.cpp" />
    <ClCompile Include="Components\DelayTask.cpp" />
    <ClCompile Include="Components\UI\PauseButton.cpp" />
    <ClCompile Include="Components\Items\Spells\FireBallSpell.cpp" />
    <ClCompile Include="Components\Items\Spells\Spell.cpp" />
    <ClCompile Include="Components\Items\Armour\CommonArmour.cpp" />
    <ClCompile Include="Components\Items\Armour\LegendaryArmour.cpp" />
    <ClCompile Include="Components\Items\Armour\RareArmour.cpp" />
    <ClCompile Include="Components\Items\Consumables\ExpPotion.cpp" />
    <ClCompile Include="Components\Items\Consumables\HealthPotion.cpp" />
    <ClCompile Include="Components\Items\Consumables\ManaPotion.cpp" />
    <ClCompile Include="Components\Items\Weapons\Axe.cpp" />
    <ClCompile Include="Components\Items\Weapons\CommonAxe.cpp" />
    <ClCompile Include="Components\Items\Weapons\CommonDagger.cpp" />
    <ClCompile Include="Components\Items\Weapons\CommonSword.cpp" />
    <ClCompile Include="Components\Items\Weapons\Dagger.cpp" />
    <ClCompile Include="Components\Items\Weapons\Hammer.cpp" />
    <ClCompile Include="Components\Items\Weapons\LegendaryHammer.cpp" />
    <ClCompile Include="Components\Items\Weapons\RareAxe.cpp" />
    <ClCompile Include="Components\Items\Weapons\RareSword.cpp" />
    <ClCompile Include="Components\Items\Weapons\Sword.cpp" />
  </ItemGroup>
  <ItemGroup>
    <ClInclude Include="Components\DestroyAfterAnimation.h" />
    <ClInclude Include="Components\EnemyTest.h" />
    <ClInclude Include="Components\FireballComponent.h" />
    <ClInclude Include="Components\TurnManager.h" />
    <ClInclude Include="MainGame.h" />
    <ClInclude Include="ScoreSystem.h" />
    <ClInclude Include="System\Inventory.h" />
    <ClInclude Include="TestGameplaySystem.h" />
    <ClInclude Include="Components\AI Behaviours\NormalEnemyFSM.h" />
    <ClInclude Include="Shop.h" />
    <ClInclude Include="Tiles\LightTile.h" />
    <ClInclude Include="Tiles\TestTile.h" />
    <ClInclude Include="Components\AI Behaviours\EnemyIdleBehaviour.h" />
    <ClInclude Include="Components\AI Behaviours\EnemyCombatBehaviour.h" />
    <ClInclude Include="Components\AI Behaviours\MoveTowardsAction.h" />
    <ClInclude Include="Tiles\TeleportTile.h" />
    <ClInclude Include="Components\Flash.h" />
    <ClInclude Include="Components\Items\CharacterStats.h" />
    <ClInclude Include="Components\Items\ItemStats.h" />
    <ClInclude Include="Components\Items\Stats.h" />
    <ClInclude Include="Components\LerpPosition.h" />
    <ClInclude Include="Components\Player\PlayerAttackBehaviour.h" />
    <ClInclude Include="Components\Player\PlayerController.h" />
    <ClInclude Include="Components\Player\PlayerFSM.h" />
    <ClInclude Include="Components\Player\PlayerMovementBehaviour.h" />
    <ClInclude Include="Components\UI\ButtonComponent.h" />
    <ClInclude Include="Components\UI\HUD.h" />
    <ClInclude Include="Components\UI\TextComponent.h" />
    <ClInclude Include="LootTable.h" />
    <ClInclude Include="Tiles\SpikeTile.h" />
    <ClInclude Include="Components\Player\PlayerSpellBehaviour.h" />
    <ClInclude Include="Scenes\DefeatScene.h" />
    <ClInclude Include="Scenes\Level1Scene.h" />
    <ClInclude Include="Scenes\Level2Scene.h" />
    <ClInclude Include="Scenes\MainMenu.h" />
    <ClInclude Include="Scenes\VictoryScene.h" />
    <ClInclude Include="Tiles\ChestTile.h" />
    <ClInclude Include="Components\DelayTask.h" />
    <ClInclude Include="Components\UI\PauseButton.h" />
    <ClInclude Include="Components\Items\Spells\FireBallSpell.h" />
    <ClInclude Include="Components\Items\Spells\Spell.h" />
    <ClInclude Include="Components\Items\Armour\ArmourItem.h" />
    <ClInclude Include="Components\Items\Armour\CommonArmour.h" />
    <ClInclude Include="Components\Items\Armour\LegendaryArmour.h" />
    <ClInclude Include="Components\Items\Armour\RareArmour.h" />
    <ClInclude Include="Components\Items\Consumables\ConsumableItem.h" />
    <ClInclude Include="Components\Items\Consumables\ExpPotion.h" />
    <ClInclude Include="Components\Items\Consumables\HealthPotion.h" />
    <ClInclude Include="Components\Items\Consumables\ManaPotion.h" />
    <ClInclude Include="Components\Items\Weapons\Axe.h" />
    <ClInclude Include="Components\Items\Weapons\CommonAxe.h" />
    <ClInclude Include="Components\Items\Weapons\CommonDagger.h" />
    <ClInclude Include="Components\Items\Weapons\CommonSword.h" />
    <ClInclude Include="Components\Items\Weapons\Dagger.h" />
    <ClInclude Include="Components\Items\Weapons\Hammer.h" />
    <ClInclude Include="Components\Items\Weapons\LegendaryHammer.h" />
    <ClInclude Include="Components\Items\Weapons\RareAxe.h" />
    <ClInclude Include="Components\Items\Weapons\RareSword.h" />
    <ClInclude Include="Components\Items\Weapons\Sword.h" />
    <ClInclude Include="Components\Items\Weapons\Weapon.h" />
    <ClInclude Include="Components\Items\Weapons\WeaponEnum.h" />
  </ItemGroup>
  <ItemGroup>
    <Font Include="Font\Pixel.ttf" />
  </ItemGroup>
</Project>