<?xml version="1.0" encoding="utf-8"?>
<Project ToolsVersion="4.0" xmlns="http://schemas.microsoft.com/developer/msbuild/2003">
  <ItemGroup>
    <ClCompile Include="Components\DestroyAfterAnimation.cpp" />
    <ClCompile Include="Components\EnemyTest.cpp" />
    <ClCompile Include="Components\FireballComponent.cpp" />
    <ClCompile Include="Components\PlayerAttackBehaviour.cpp" />
    <ClCompile Include="Components\PlayerController.cpp" />
    <ClCompile Include="Components\PlayerFSM.cpp" />
    <ClCompile Include="Components\PlayerMovementBehaviour.cpp" />
    <ClCompile Include="MainGame.cpp" />
    <ClCompile Include="ScoreSystem.cpp" />
    <ClCompile Include="Components\TurnComponent.cpp" />
    <ClCompile Include="Components\TurnManager.cpp" />
    <ClCompile Include="System\Inventory.cpp" />
    <ClCompile Include="Components\ButtonComponent.cpp" />
    <ClCompile Include="Components\Consumables.cpp" />
    <ClCompile Include="Components\CommonDagger.cpp" />
    <ClCompile Include="Components\Dagger.cpp" />
    <ClCompile Include="Components\Sword.cpp" />
    <ClCompile Include="Components\Axe.cpp" />
    <ClCompile Include="Components\Hammer.cpp" />
    <ClCompile Include="Components\CommonSword.cpp" />
    <ClCompile Include="Components\RareSword.cpp" />
    <ClCompile Include="Components\CommonAxe.cpp" />
    <ClCompile Include="Components\RareAxe.cpp" />
    <ClCompile Include="Components\LegendaryHammer.cpp" />
    <ClCompile Include="Components\AI Behaviours\NormalEnemyFSM.cpp" />
    <ClCompile Include="Components\AI Behaviours\EnemyIdleBehaviour.cpp" />
    <ClCompile Include="Shop.cpp" />
    <ClCompile Include="Tiles\LightTile.cpp" />
    <ClCompile Include="Tiles\TestTile.cpp" />
    <ClCompile Include="Components\AI Behaviours\EnemyIdleBehaviour.cpp" />
    <ClCompile Include="Components\AI Behaviours\EnemyCombatBehaviour.cpp" />
    <ClCompile Include="Components\AI Behaviours\MoveTowardsAction.cpp" />
    <ClCompile Include="Tiles\TeleportTile.cpp" />
  </ItemGroup>
  <ItemGroup>
    <ClInclude Include="Components\DestroyAfterAnimation.h" />
    <ClInclude Include="Components\EnemyTest.h" />
    <ClInclude Include="Components\FireballComponent.h" />
    <ClInclude Include="Components\PlayerAttackBehaviour.h" />
    <ClInclude Include="Components\PlayerController.h" />
    <ClInclude Include="Components\PlayerFSM.h" />
    <ClInclude Include="Components\PlayerMovementBehaviour.h" />
    <ClInclude Include="Components\TurnComponent.h" />
    <ClInclude Include="Components\TurnManager.h" />
    <ClInclude Include="MainGame.h" />
    <ClInclude Include="ScoreSystem.h" />
    <ClInclude Include="System\Inventory.h" />
    <ClInclude Include="TestGameplaySystem.h" />
    <ClInclude Include="Components\ButtonComponent.h" />
    <ClInclude Include="Components\Stats.h" />
    <ClInclude Include="Components\ItemStats.h" />
    <ClInclude Include="Components\CharacterStats.h" />
    <ClInclude Include="Components\Consumables.h" />
    <ClInclude Include="Components\CommonDagger.h" />
    <ClInclude Include="Components\Dagger.h" />
    <ClInclude Include="Components\Sword.h" />
    <ClInclude Include="Components\Axe.h" />
    <ClInclude Include="Components\Hammer.h" />
    <ClInclude Include="Components\CommonSword.h" />
    <ClInclude Include="Components\RareSword.h" />
    <ClInclude Include="Components\CommonAxe.h" />
    <ClInclude Include="Components\RareAxe.h" />
    <ClInclude Include="Components\LegendaryHammer.h" />
    <ClInclude Include="Components\AI Behaviours\NormalEnemyFSM.h" />
    <ClInclude Include="Shop.h" />
    <ClInclude Include="Components\WeaponEnum.h" />
    <ClInclude Include="Tiles\LightTile.h" />
    <ClInclude Include="Tiles\TestTile.h" />
    <ClInclude Include="Components\AI Behaviours\EnemyIdleBehaviour.h" />
    <ClInclude Include="Components\AI Behaviours\EnemyCombatBehaviour.h" />
    <ClInclude Include="Components\AI Behaviours\MoveTowardsAction.h" />
    <ClInclude Include="Tiles\TeleportTile.h" />
  </ItemGroup>
</Project>