<?xml version="1.0" encoding="utf-8"?>
<Project ToolsVersion="4.0" xmlns="http://schemas.microsoft.com/developer/msbuild/2003">
  <ItemGroup>
    <ClCompile Include="Components\DestroyAfterAnimation.cpp" />
    <ClCompile Include="Components\EnemyTest.cpp" />
    <ClCompile Include="Components\FireballComponent.cpp" />
    <ClCompile Include="MainGame.cpp" />
    <ClCompile Include="ScoreSystem.cpp" />
    <ClCompile Include="Components\TurnManager.cpp" />
    <ClCompile Include="System\Inventory.cpp" />
    <ClCompile Include="Components\AI Behaviours\NormalEnemyFSM.cpp" />
    <ClCompile Include="Components\AI Behaviours\EnemyIdleBehaviour.cpp" />
    <ClCompile Include="Shop.cpp" />
    <ClCompile Include="Tiles\LightTile.cpp" />
    <ClCompile Include="Tiles\TestTile.cpp" />
    <ClCompile Include="Components\AI Behaviours\EnemyIdleBehaviour.cpp" />
    <ClCompile Include="Components\AI Behaviours\EnemyCombatBehaviour.cpp" />
    <ClCompile Include="Components\AI Behaviours\MoveTowardsAction.cpp" />
    <ClCompile Include="Tiles\TeleportTile.cpp" />
    <ClCompile Include="Components\Items\CommonAxe.cpp" />
    <ClCompile Include="Components\Items\CommonSword.cpp" />
    <ClCompile Include="Components\Items\Axe.cpp" />
    <ClCompile Include="Components\Items\Consumables.cpp" />
    <ClCompile Include="Components\Items\Dagger.cpp" />
    <ClCompile Include="Components\Items\Hammer.cpp" />
    <ClCompile Include="Components\Items\LegendaryHammer.cpp" />
    <ClCompile Include="Components\Flash.cpp" />
    <ClCompile Include="Components\Items\CommonDagger.cpp" />
    <ClCompile Include="Components\LerpPosition.cpp" />
    <ClCompile Include="Components\Player\PlayerAttackBehaviour.cpp" />
    <ClCompile Include="Components\Player\PlayerController.cpp" />
    <ClCompile Include="Components\Player\PlayerFSM.cpp" />
    <ClCompile Include="Components\Player\PlayerMovementBehaviour.cpp" />
    <ClCompile Include="Components\UI\ButtonComponent.cpp" />
    <ClCompile Include="Components\UI\HUD.cpp" />
    <ClCompile Include="Components\UI\TextComponent.cpp" />
    <ClCompile Include="Components\Items\RareSword.cpp" />
    <ClCompile Include="Components\Items\RareAxe.cpp" />
    <ClCompile Include="Components\Items\Sword.cpp" />
    <ClCompile Include="Tiles\ChestTile.cpp" />
  </ItemGroup>
  <ItemGroup>
    <ClInclude Include="Components\DestroyAfterAnimation.h" />
    <ClInclude Include="Components\EnemyTest.h" />
    <ClInclude Include="Components\FireballComponent.h" />
    <ClInclude Include="Components\TurnManager.h" />
    <ClInclude Include="MainGame.h" />
    <ClInclude Include="ScoreSystem.h" />
    <ClInclude Include="System\Inventory.h" />
    <ClInclude Include="TestGameplaySystem.h" />
    <ClInclude Include="Components\AI Behaviours\NormalEnemyFSM.h" />
    <ClInclude Include="Shop.h" />
    <ClInclude Include="Tiles\LightTile.h" />
    <ClInclude Include="Tiles\TestTile.h" />
    <ClInclude Include="Components\AI Behaviours\EnemyIdleBehaviour.h" />
    <ClInclude Include="Components\AI Behaviours\EnemyCombatBehaviour.h" />
    <ClInclude Include="Components\AI Behaviours\MoveTowardsAction.h" />
    <ClInclude Include="Tiles\TeleportTile.h" />
    <ClInclude Include="Components\Items\CommonAxe.h" />
    <ClInclude Include="Components\Items\CommonSword.h" />
    <ClInclude Include="Components\Items\Axe.h" />
    <ClInclude Include="Components\Flash.h" />
    <ClInclude Include="Components\Items\CharacterStats.h" />
    <ClInclude Include="Components\Items\CommonDagger.h" />
    <ClInclude Include="Components\Items\Consumables.h" />
    <ClInclude Include="Components\Items\ItemStats.h" />
    <ClInclude Include="Components\Items\Stats.h" />
    <ClInclude Include="Components\Items\Weapon.h" />
    <ClInclude Include="Components\Items\WeaponEnum.h" />
    <ClInclude Include="Components\LerpPosition.h" />
    <ClInclude Include="Components\Player\PlayerAttackBehaviour.h" />
    <ClInclude Include="Components\Player\PlayerController.h" />
    <ClInclude Include="Components\Player\PlayerFSM.h" />
    <ClInclude Include="Components\Player\PlayerMovementBehaviour.h" />
    <ClInclude Include="Components\Items\Dagger.h" />
    <ClInclude Include="Components\Items\Hammer.h" />
    <ClInclude Include="Components\Items\LegendaryHammer.h" />
    <ClInclude Include="Components\UI\ButtonComponent.h" />
    <ClInclude Include="Components\UI\HUD.h" />
    <ClInclude Include="Components\UI\TextComponent.h" />
    <ClInclude Include="Components\Items\RareSword.h" />
    <ClInclude Include="Components\Items\RareAxe.h" />
    <ClInclude Include="Components\Items\Sword.h" />
    <ClInclude Include="Tiles\ChestTile.h" />
  </ItemGroup>
</Project>